# THIS IS AN AUTOGENERATED FILE. DO NOT EDIT THIS FILE DIRECTLY.
# yarn lockfile v1


"@types/debug@^4.0.0":
  version "4.1.7"
  resolved "https://registry.yarnpkg.com/@types/debug/-/debug-4.1.7.tgz#7cc0ea761509124709b8b2d1090d8f6c17aadb82"
  integrity sha512-9AonUzyTjXXhEOa0DnqpzZi6VHlqKMswga9EXjpXnnqxwLtdvPPtlO8evrI5D9S6asFRCQ6v+wpiUKbw+vKqyg==
  dependencies:
    "@types/ms" "*"

"@types/mdast@^3.0.0":
  version "3.0.10"
  resolved "https://registry.yarnpkg.com/@types/mdast/-/mdast-3.0.10.tgz#4724244a82a4598884cbbe9bcfd73dff927ee8af"
  integrity sha512-W864tg/Osz1+9f4lrGTZpCSO5/z4608eUp19tbozkq2HJK6i3z1kT0H9tlADXuYIb1YYOBByU4Jsqkk75q48qA==
  dependencies:
    "@types/unist" "*"

"@types/mdast@^4.0.0":
  version "4.0.0"
  resolved "https://registry.yarnpkg.com/@types/mdast/-/mdast-4.0.0.tgz#9f9462d4584a8b3e3711ea8bb4a94c485559ab90"
  integrity sha512-YLeG8CujC9adtj/kuDzq1N4tCDYKoZ5l/bnjq8d74+t/3q/tHquJOJKUQXJrLCflOHpKjXgcI/a929gpmLOEng==
  dependencies:
    "@types/unist" "*"

"@types/ms@*":
  version "0.7.31"
  resolved "https://registry.yarnpkg.com/@types/ms/-/ms-0.7.31.tgz#31b7ca6407128a3d2bbc27fe2d21b345397f6197"
  integrity sha512-iiUgKzV9AuaEkZqkOLDIvlQiL6ltuZd9tGcW3gwpnX8JbuiuhFlEGmmFXEXkN50Cvq7Os88IY2v0dkDqXYWVgA==

"@types/unist@*", "@types/unist@^2.0.0":
  version "2.0.6"
  resolved "https://registry.yarnpkg.com/@types/unist/-/unist-2.0.6.tgz#250a7b16c3b91f672a24552ec64678eeb1d3a08d"
  integrity sha512-PBjIUxZHOuj0R15/xuwJYjFi+KZdNFrehocChv4g5hu6aFroHue8m0lBP0POdK2nKzbw0cgV1mws8+V/JAcEkQ==

"@types/unist@^3.0.0":
  version "3.0.0"
  resolved "https://registry.yarnpkg.com/@types/unist/-/unist-3.0.0.tgz#988ae8af1e5239e89f9fbb1ade4c935f4eeedf9a"
  integrity sha512-MFETx3tbTjE7Uk6vvnWINA/1iJ7LuMdO4fcq8UfF0pRbj01aGLduVvQcRyswuACJdpnHgg8E3rQLhaRdNEJS0w==

ansi-regex@^5.0.1:
  version "5.0.1"
  resolved "https://registry.yarnpkg.com/ansi-regex/-/ansi-regex-5.0.1.tgz#082cb2c89c9fe8659a311a53bd6a4dc5301db304"
  integrity sha512-quJQXlTSUGL2LH9SUXo8VwsY4soanhgo6LNSm84E1LBcE8s3O0wpdiRzyR9z/ZZJMlMWv37qOOb9pdJlMUEKFQ==

ansi-styles@^4.0.0:
  version "4.3.0"
  resolved "https://registry.yarnpkg.com/ansi-styles/-/ansi-styles-4.3.0.tgz#edd803628ae71c04c85ae7a0906edad34b648937"
  integrity sha512-zbB9rCJAT1rbjiVDb2hqKFHNYLxgtk8NURxZ3IZwD3F6NtxbXZQCnnSi1Lkx+IDohdPlFp222wVALIheZJQSEg==
  dependencies:
    color-convert "^2.0.1"

bail@^2.0.0:
  version "2.0.2"
  resolved "https://registry.yarnpkg.com/bail/-/bail-2.0.2.tgz#d26f5cd8fe5d6f832a31517b9f7c356040ba6d5d"
  integrity sha512-0xO6mYd7JB2YesxDKplafRpsiOzPt9V02ddPCLbY1xYGPOX24NTyN50qnUxgCPcSoYMhKpAuBTjQoRZCAkUDRw==

camelcase@^5.0.0:
  version "5.3.1"
  resolved "https://registry.yarnpkg.com/camelcase/-/camelcase-5.3.1.tgz#e3c9b31569e106811df242f715725a1f4c494320"
  integrity sha512-L28STB170nwWS63UjtlEOE3dldQApaJXZkOI1uMFfzf3rRuPegHaHesyee+YxQ+W6SvRDQV6UrdOdRiR153wJg==

character-entities-html4@^2.0.0:
  version "2.1.0"
  resolved "https://registry.yarnpkg.com/character-entities-html4/-/character-entities-html4-2.1.0.tgz#1f1adb940c971a4b22ba39ddca6b618dc6e56b2b"
  integrity sha512-1v7fgQRj6hnSwFpq1Eu0ynr/CDEw0rXo2B61qXrLNdHZmPKgb7fqS1a2JwF0rISo9q77jDI8VMEHoApn8qDoZA==

character-entities-legacy@^3.0.0:
  version "3.0.0"
  resolved "https://registry.yarnpkg.com/character-entities-legacy/-/character-entities-legacy-3.0.0.tgz#76bc83a90738901d7bc223a9e93759fdd560125b"
  integrity sha512-RpPp0asT/6ufRm//AJVwpViZbGM/MkjQFxJccQRHmISF/22NBtsHqAWmL+/pmkPWoIUJdWyeVleTl1wydHATVQ==

character-entities@^2.0.0:
  version "2.0.2"
  resolved "https://registry.yarnpkg.com/character-entities/-/character-entities-2.0.2.tgz#2d09c2e72cd9523076ccb21157dff66ad43fcc22"
  integrity sha512-shx7oQ0Awen/BRIdkjkvz54PnEEI/EjwXDSIZp86/KKdbafHh1Df/RYGBhn4hbe2+uKC9FnT5UCEdyPz3ai9hQ==

character-reference-invalid@^2.0.0:
  version "2.0.1"
  resolved "https://registry.yarnpkg.com/character-reference-invalid/-/character-reference-invalid-2.0.1.tgz#85c66b041e43b47210faf401278abf808ac45cb9"
  integrity sha512-iBZ4F4wRbyORVsu0jPV7gXkOsGYjGHPmAyv+HiHG8gi5PtC9KI2j1+v8/tlibRvjoWX027ypmG/n0HtO5t7unw==

cliui@^6.0.0:
  version "6.0.0"
  resolved "https://registry.yarnpkg.com/cliui/-/cliui-6.0.0.tgz#511d702c0c4e41ca156d7d0e96021f23e13225b1"
  integrity sha512-t6wbgtoCXvAzst7QgXxJYqPt0usEfbgQdftEPbLL/cvv6HPE5VgvqCuAIDR0NgU52ds6rFwqrgakNLrHEjCbrQ==
  dependencies:
    string-width "^4.2.0"
    strip-ansi "^6.0.0"
    wrap-ansi "^6.2.0"

color-convert@^2.0.1:
  version "2.0.1"
  resolved "https://registry.yarnpkg.com/color-convert/-/color-convert-2.0.1.tgz#72d3a68d598c9bdb3af2ad1e84f21d896abd4de3"
  integrity sha512-RRECPsj7iu/xb5oKYcsFHSppFNnsj/52OVTRKb4zP5onXwVF3zVmmToNcOfGC+CRDpfK/U584fMg38ZHCaElKQ==
  dependencies:
    color-name "~1.1.4"

color-name@~1.1.4:
  version "1.1.4"
  resolved "https://registry.yarnpkg.com/color-name/-/color-name-1.1.4.tgz#c2a09a87acbde69543de6f63fa3995c826c536a2"
  integrity sha512-dOy+3AuW3a2wNbZHIuMZpTcgjGuLU/uBL/ubcZF9OXbDo8ff4O8yVp5Bf0efS8uEoYo5q4Fx7dY9OgQGXgAsQA==

debug@^4.0.0:
  version "4.3.4"
  resolved "https://registry.yarnpkg.com/debug/-/debug-4.3.4.tgz#1319f6579357f2338d3337d2cdd4914bb5dcc865"
  integrity sha512-PRWFHuSU3eDtQJPvnNY7Jcket1j0t5OuOsFzPPzsekD52Zl8qUfFIPEiswXqIvHWGVHOgX+7G/vCNNhehwxfkQ==
  dependencies:
    ms "2.1.2"

decamelize@^1.2.0:
  version "1.2.0"
  resolved "https://registry.yarnpkg.com/decamelize/-/decamelize-1.2.0.tgz#f6534d15148269b20352e7bee26f501f9a191290"
  integrity sha512-z2S+W9X73hAUUki+N+9Za2lBlun89zigOyGrsax+KUQ6wKW4ZoWpEYBkGhQjwAjjDCkWxhY0VKEhk8wzY7F5cA==

decode-named-character-reference@^1.0.0:
  version "1.0.2"
  resolved "https://registry.yarnpkg.com/decode-named-character-reference/-/decode-named-character-reference-1.0.2.tgz#daabac9690874c394c81e4162a0304b35d824f0e"
  integrity sha512-O8x12RzrUF8xyVcY0KJowWsmaJxQbmy0/EtnNtHRpsOcT7dFk5W598coHqBVpmWo1oQQfsCqfCmkZN5DJrZVdg==
  dependencies:
    character-entities "^2.0.0"

dequal@^2.0.0:
  version "2.0.3"
  resolved "https://registry.yarnpkg.com/dequal/-/dequal-2.0.3.tgz#2644214f1997d39ed0ee0ece72335490a7ac67be"
  integrity sha512-0je+qPKHEMohvfRTCEo3CrPG6cAzAYgmzKyxRiYSSDkS6eGJdyVJm7WaYA5ECaAD9wLB2T4EEeymA5aFVcYXCA==

devlop@^1.0.0:
  version "1.1.0"
  resolved "https://registry.yarnpkg.com/devlop/-/devlop-1.1.0.tgz#4db7c2ca4dc6e0e834c30be70c94bbc976dc7018"
  integrity sha512-RWmIqhcFf1lRYBvNmr7qTNuyCt/7/ns2jbpp1+PalgE/rDQcBT0fioSMUpJ93irlUhC5hrg4cYqe6U+0ImW0rA==
  dependencies:
    dequal "^2.0.0"

diff@^5.0.0:
  version "5.1.0"
  resolved "https://registry.yarnpkg.com/diff/-/diff-5.1.0.tgz#bc52d298c5ea8df9194800224445ed43ffc87e40"
  integrity sha512-D+mk+qE8VC/PAUrlAU34N+VfXev0ghe5ywmpqrawphmVZc1bEfn56uo9qpyGp1p4xpzOHkSW4ztBd6L7Xx4ACw==

dijkstrajs@^1.0.1:
  version "1.0.2"
  resolved "https://registry.yarnpkg.com/dijkstrajs/-/dijkstrajs-1.0.2.tgz#2e48c0d3b825462afe75ab4ad5e829c8ece36257"
  integrity sha512-QV6PMaHTCNmKSeP6QoXhVTw9snc9VD8MulTT0Bd99Pacp4SS1cjcrYPgBPmibqKVtMJJfqC6XvOXgPMEEPH/fg==

emoji-regex@^8.0.0:
  version "8.0.0"
  resolved "https://registry.yarnpkg.com/emoji-regex/-/emoji-regex-8.0.0.tgz#e818fd69ce5ccfcb404594f842963bf53164cc37"
  integrity sha512-MSjYzcWNOA0ewAHpz0MxpYFvwg6yjy1NG3xteoqz644VCo/RPgnr1/GGt+ic3iJTzQ8Eu3TdM14SawnVUmGE6A==

encode-utf8@^1.0.3:
  version "1.0.3"
  resolved "https://registry.yarnpkg.com/encode-utf8/-/encode-utf8-1.0.3.tgz#f30fdd31da07fb596f281beb2f6b027851994cda"
  integrity sha512-ucAnuBEhUK4boH2HjVYG5Q2mQyPorvv0u/ocS+zhdw0S8AlHYY+GOFhP1Gio5z4icpP2ivFSvhtFjQi8+T9ppw==

extend@^3.0.0:
  version "3.0.2"
  resolved "https://registry.yarnpkg.com/extend/-/extend-3.0.2.tgz#f8b1136b4071fbd8eb140aff858b1019ec2915fa"
  integrity sha512-fjquC59cD7CyW6urNXK0FBufkZcoiGG80wTuPujX590cB5Ttln20E2UB4S/WARVqhXffZl2LNgS+gQdPIIim/g==

find-up@^4.1.0:
  version "4.1.0"
  resolved "https://registry.yarnpkg.com/find-up/-/find-up-4.1.0.tgz#97afe7d6cdc0bc5928584b7c8d7b16e8a9aa5d19"
  integrity sha512-PpOwAdQ/YlXQ2vj8a3h8IipDuYRi3wceVQQGYWxNINccq40Anw7BlsEXCMbt1Zt+OLA6Fq9suIpIWD0OsnISlw==
  dependencies:
    locate-path "^5.0.0"
    path-exists "^4.0.0"

get-caller-file@^2.0.1:
  version "2.0.5"
  resolved "https://registry.yarnpkg.com/get-caller-file/-/get-caller-file-2.0.5.tgz#4f94412a82db32f36e3b0b9741f8a97feb031f7e"
  integrity sha512-DyFP3BM/3YHTQOCUL/w0OZHR0lpKeGrxotcHWcqNEdnltqFwXVfhEBQ94eIo34AfQpo0rGki4cyIiftY06h2Fg==

is-alphabetical@^2.0.0:
  version "2.0.1"
  resolved "https://registry.yarnpkg.com/is-alphabetical/-/is-alphabetical-2.0.1.tgz#01072053ea7c1036df3c7d19a6daaec7f19e789b"
  integrity sha512-FWyyY60MeTNyeSRpkM2Iry0G9hpr7/9kD40mD/cGQEuilcZYS4okz8SN2Q6rLCJ8gbCt6fN+rC+6tMGS99LaxQ==

is-alphanumerical@^2.0.0:
  version "2.0.1"
  resolved "https://registry.yarnpkg.com/is-alphanumerical/-/is-alphanumerical-2.0.1.tgz#7c03fbe96e3e931113e57f964b0a368cc2dfd875"
  integrity sha512-hmbYhX/9MUMF5uh7tOXyK/n0ZvWpad5caBA17GsC6vyuCqaWliRG5K1qS9inmUhEMaOBIW7/whAnSwveW/LtZw==
  dependencies:
    is-alphabetical "^2.0.0"
    is-decimal "^2.0.0"

is-buffer@^2.0.0:
  version "2.0.5"
  resolved "https://registry.yarnpkg.com/is-buffer/-/is-buffer-2.0.5.tgz#ebc252e400d22ff8d77fa09888821a24a658c191"
  integrity sha512-i2R6zNFDwgEHJyQUtJEk0XFi1i0dPFn/oqjK3/vPCcDeJvW5NQ83V8QbicfF1SupOaB0h8ntgBC2YiE7dfyctQ==

is-decimal@^2.0.0:
  version "2.0.1"
  resolved "https://registry.yarnpkg.com/is-decimal/-/is-decimal-2.0.1.tgz#9469d2dc190d0214fd87d78b78caecc0cc14eef7"
  integrity sha512-AAB9hiomQs5DXWcRB1rqsxGUstbRroFOPPVAomNk/3XHR5JyEZChOyTWe2oayKnsSsr/kcGqF+z6yuH6HHpN0A==

is-fullwidth-code-point@^3.0.0:
  version "3.0.0"
  resolved "https://registry.yarnpkg.com/is-fullwidth-code-point/-/is-fullwidth-code-point-3.0.0.tgz#f116f8064fe90b3f7844a38997c0b75051269f1d"
  integrity sha512-zymm5+u+sCsSWyD9qNaejV3DFvhCKclKdizYaJUuHA83RLjb7nSuGnddCHGv0hk+KY7BMAlsWeK4Ueg6EV6XQg==

is-hexadecimal@^2.0.0:
  version "2.0.1"
  resolved "https://registry.yarnpkg.com/is-hexadecimal/-/is-hexadecimal-2.0.1.tgz#86b5bf668fca307498d319dfc03289d781a90027"
  integrity sha512-DgZQp241c8oO6cA1SbTEWiXeoxV42vlcJxgH+B3hi1AiqqKruZR3ZGF8In3fj4+/y/7rHvlOZLZtgJ/4ttYGZg==

is-plain-obj@^4.0.0:
  version "4.1.0"
  resolved "https://registry.yarnpkg.com/is-plain-obj/-/is-plain-obj-4.1.0.tgz#d65025edec3657ce032fd7db63c97883eaed71f0"
  integrity sha512-+Pgi+vMuUNkJyExiMBt5IlFoMyKnr5zhJ4Uspz58WOhBF5QoIZkFyNHIbBAtHwzVAgk5RtndVNsDRN61/mmDqg==

kleur@^4.0.3:
  version "4.1.5"
  resolved "https://registry.yarnpkg.com/kleur/-/kleur-4.1.5.tgz#95106101795f7050c6c650f350c683febddb1780"
  integrity sha512-o+NO+8WrRiQEE4/7nwRJhN1HWpVmJm511pBHUxPLtp0BUISzlBplORYSmTclCnJvQq2tKu/sgl3xVpkc7ZWuQQ==

locate-path@^5.0.0:
  version "5.0.0"
  resolved "https://registry.yarnpkg.com/locate-path/-/locate-path-5.0.0.tgz#1afba396afd676a6d42504d0a67a3a7eb9f62aa0"
  integrity sha512-t7hw9pI+WvuwNJXwk5zVHpyhIqzg2qTlklJOf0mVxGSbe3Fp2VieZcduNYjaLDoy6p9uGpQEGWG87WpMKlNq8g==
  dependencies:
    p-locate "^4.1.0"

longest-streak@^3.0.0:
  version "3.1.0"
  resolved "https://registry.yarnpkg.com/longest-streak/-/longest-streak-3.1.0.tgz#62fa67cd958742a1574af9f39866364102d90cd4"
  integrity sha512-9Ri+o0JYgehTaVBBDoMqIl8GXtbWg711O3srftcHhZ0dqnETqLaoIK0x17fUw9rFSlK/0NlsKe0Ahhyl5pXE2g==

mdast-util-directive@^2.0.0, mdast-util-directive@^2.2.3:
  version "2.2.4"
  resolved "https://registry.yarnpkg.com/mdast-util-directive/-/mdast-util-directive-2.2.4.tgz#e397ed699ec83938cb4a48dc1cec3ae69cbd7aa3"
  integrity sha512-sK3ojFP+jpj1n7Zo5ZKvoxP1MvLyzVG63+gm40Z/qI00avzdPCYxt7RBMgofwAva9gBjbDBWVRB/i+UD+fUCzQ==
  dependencies:
    "@types/mdast" "^3.0.0"
    "@types/unist" "^2.0.0"
    mdast-util-from-markdown "^1.3.0"
    mdast-util-to-markdown "^1.5.0"
    parse-entities "^4.0.0"
    stringify-entities "^4.0.0"
    unist-util-visit-parents "^5.1.3"

mdast-util-from-markdown@^1.3.0:
  version "1.3.0"
  resolved "https://registry.yarnpkg.com/mdast-util-from-markdown/-/mdast-util-from-markdown-1.3.0.tgz#0214124154f26154a2b3f9d401155509be45e894"
  integrity sha512-HN3W1gRIuN/ZW295c7zi7g9lVBllMgZE40RxCX37wrTPWXCWtpvOZdfnuK+1WNpvZje6XuJeI3Wnb4TJEUem+g==
  dependencies:
    "@types/mdast" "^3.0.0"
    "@types/unist" "^2.0.0"
    decode-named-character-reference "^1.0.0"
    mdast-util-to-string "^3.1.0"
    micromark "^3.0.0"
    micromark-util-decode-numeric-character-reference "^1.0.0"
    micromark-util-decode-string "^1.0.0"
    micromark-util-normalize-identifier "^1.0.0"
    micromark-util-symbol "^1.0.0"
    micromark-util-types "^1.0.0"
    unist-util-stringify-position "^3.0.0"
    uvu "^0.5.0"

mdast-util-from-markdown@^2.0.0:
  version "2.0.0"
  resolved "https://registry.yarnpkg.com/mdast-util-from-markdown/-/mdast-util-from-markdown-2.0.0.tgz#52f14815ec291ed061f2922fd14d6689c810cb88"
  integrity sha512-n7MTOr/z+8NAX/wmhhDji8O3bRvPTV/U0oTCaZJkjhPSKTPhS3xufVhKGF8s1pJ7Ox4QgoIU7KHseh09S+9rTA==
  dependencies:
    "@types/mdast" "^4.0.0"
    "@types/unist" "^3.0.0"
    decode-named-character-reference "^1.0.0"
    devlop "^1.0.0"
    mdast-util-to-string "^4.0.0"
    micromark "^4.0.0"
    micromark-util-decode-numeric-character-reference "^2.0.0"
    micromark-util-decode-string "^2.0.0"
    micromark-util-normalize-identifier "^2.0.0"
    micromark-util-symbol "^2.0.0"
    micromark-util-types "^2.0.0"
    unist-util-stringify-position "^4.0.0"

mdast-util-phrasing@^3.0.0:
  version "3.0.1"
  resolved "https://registry.yarnpkg.com/mdast-util-phrasing/-/mdast-util-phrasing-3.0.1.tgz#c7c21d0d435d7fb90956038f02e8702781f95463"
  integrity sha512-WmI1gTXUBJo4/ZmSk79Wcb2HcjPJBzM1nlI/OUWA8yk2X9ik3ffNbBGsU+09BFmXaL1IBb9fiuvq6/KMiNycSg==
  dependencies:
    "@types/mdast" "^3.0.0"
    unist-util-is "^5.0.0"

mdast-util-phrasing@^4.0.0:
  version "4.0.0"
  resolved "https://registry.yarnpkg.com/mdast-util-phrasing/-/mdast-util-phrasing-4.0.0.tgz#468cbbb277375523de807248b8ad969feb02a5c7"
  integrity sha512-xadSsJayQIucJ9n053dfQwVu1kuXg7jCTdYsMK8rqzKZh52nLfSH/k0sAxE0u+pj/zKZX+o5wB+ML5mRayOxFA==
  dependencies:
    "@types/mdast" "^4.0.0"
    unist-util-is "^6.0.0"

mdast-util-to-markdown@^1.5.0:
  version "1.5.0"
  resolved "https://registry.yarnpkg.com/mdast-util-to-markdown/-/mdast-util-to-markdown-1.5.0.tgz#c13343cb3fc98621911d33b5cd42e7d0731171c6"
  integrity sha512-bbv7TPv/WC49thZPg3jXuqzuvI45IL2EVAr/KxF0BSdHsU0ceFHOmwQn6evxAh1GaoK/6GQ1wp4R4oW2+LFL/A==
  dependencies:
    "@types/mdast" "^3.0.0"
    "@types/unist" "^2.0.0"
    longest-streak "^3.0.0"
    mdast-util-phrasing "^3.0.0"
    mdast-util-to-string "^3.0.0"
    micromark-util-decode-string "^1.0.0"
    unist-util-visit "^4.0.0"
    zwitch "^2.0.0"

mdast-util-to-markdown@^2.0.0:
  version "2.1.0"
  resolved "https://registry.yarnpkg.com/mdast-util-to-markdown/-/mdast-util-to-markdown-2.1.0.tgz#9813f1d6e0cdaac7c244ec8c6dabfdb2102ea2b4"
  integrity sha512-SR2VnIEdVNCJbP6y7kVTJgPLifdr8WEU440fQec7qHoHOUz/oJ2jmNRqdDQ3rbiStOXb2mCDGTuwsK5OPUgYlQ==
  dependencies:
    "@types/mdast" "^4.0.0"
    "@types/unist" "^3.0.0"
    longest-streak "^3.0.0"
    mdast-util-phrasing "^4.0.0"
    mdast-util-to-string "^4.0.0"
    micromark-util-decode-string "^2.0.0"
    unist-util-visit "^5.0.0"
    zwitch "^2.0.0"

mdast-util-to-string@^3.0.0, mdast-util-to-string@^3.1.0:
  version "3.1.1"
  resolved "https://registry.yarnpkg.com/mdast-util-to-string/-/mdast-util-to-string-3.1.1.tgz#db859050d79d48cf9896d294de06f3ede7474d16"
  integrity sha512-tGvhT94e+cVnQt8JWE9/b3cUQZWS732TJxXHktvP+BYo62PpYD53Ls/6cC60rW21dW+txxiM4zMdc6abASvZKA==
  dependencies:
    "@types/mdast" "^3.0.0"

mdast-util-to-string@^4.0.0:
  version "4.0.0"
  resolved "https://registry.yarnpkg.com/mdast-util-to-string/-/mdast-util-to-string-4.0.0.tgz#7a5121475556a04e7eddeb67b264aae79d312814"
  integrity sha512-0H44vDimn51F0YwvxSJSm0eCDOJTRlmN0R1yBh4HLj9wiV1Dn0QoXGbvFAWj2hSItVTlCmBF1hqKlIyUBVFLPg==
  dependencies:
    "@types/mdast" "^4.0.0"

micromark-core-commonmark@^1.0.1:
  version "1.0.6"
  resolved "https://registry.yarnpkg.com/micromark-core-commonmark/-/micromark-core-commonmark-1.0.6.tgz#edff4c72e5993d93724a3c206970f5a15b0585ad"
  integrity sha512-K+PkJTxqjFfSNkfAhp4GB+cZPfQd6dxtTXnf+RjZOV7T4EEXnvgzOcnp+eSTmpGk9d1S9sL6/lqrgSNn/s0HZA==
  dependencies:
    decode-named-character-reference "^1.0.0"
    micromark-factory-destination "^1.0.0"
    micromark-factory-label "^1.0.0"
    micromark-factory-space "^1.0.0"
    micromark-factory-title "^1.0.0"
    micromark-factory-whitespace "^1.0.0"
    micromark-util-character "^1.0.0"
    micromark-util-chunked "^1.0.0"
    micromark-util-classify-character "^1.0.0"
    micromark-util-html-tag-name "^1.0.0"
    micromark-util-normalize-identifier "^1.0.0"
    micromark-util-resolve-all "^1.0.0"
    micromark-util-subtokenize "^1.0.0"
    micromark-util-symbol "^1.0.0"
    micromark-util-types "^1.0.1"
    uvu "^0.5.0"

micromark-core-commonmark@^2.0.0:
  version "2.0.0"
  resolved "https://registry.yarnpkg.com/micromark-core-commonmark/-/micromark-core-commonmark-2.0.0.tgz#50740201f0ee78c12a675bf3e68ffebc0bf931a3"
  integrity sha512-jThOz/pVmAYUtkroV3D5c1osFXAMv9e0ypGDOIZuCeAe91/sD6BoE2Sjzt30yuXtwOYUmySOhMas/PVyh02itA==
  dependencies:
    decode-named-character-reference "^1.0.0"
    devlop "^1.0.0"
    micromark-factory-destination "^2.0.0"
    micromark-factory-label "^2.0.0"
    micromark-factory-space "^2.0.0"
    micromark-factory-title "^2.0.0"
    micromark-factory-whitespace "^2.0.0"
    micromark-util-character "^2.0.0"
    micromark-util-chunked "^2.0.0"
    micromark-util-classify-character "^2.0.0"
    micromark-util-html-tag-name "^2.0.0"
    micromark-util-normalize-identifier "^2.0.0"
    micromark-util-resolve-all "^2.0.0"
    micromark-util-subtokenize "^2.0.0"
    micromark-util-symbol "^2.0.0"
    micromark-util-types "^2.0.0"

micromark-extension-directive@^2.0.0:
  version "2.1.2"
  resolved "https://registry.yarnpkg.com/micromark-extension-directive/-/micromark-extension-directive-2.1.2.tgz#5445bc7676e72e8d23f47313920a65f574269be3"
  integrity sha512-brqLEztt14/73snVXYsq9Cv6ng67O+Sy69ZuM0s8ZhN/GFI9rnyXyj0Y0DaCwi648vCImv7/U1H5TzR7wMv5jw==
  dependencies:
    micromark-factory-space "^1.0.0"
    micromark-factory-whitespace "^1.0.0"
    micromark-util-character "^1.0.0"
    micromark-util-symbol "^1.0.0"
    micromark-util-types "^1.0.0"
    parse-entities "^4.0.0"
    uvu "^0.5.0"

micromark-factory-destination@^1.0.0:
  version "1.0.0"
  resolved "https://registry.yarnpkg.com/micromark-factory-destination/-/micromark-factory-destination-1.0.0.tgz#fef1cb59ad4997c496f887b6977aa3034a5a277e"
  integrity sha512-eUBA7Rs1/xtTVun9TmV3gjfPz2wEwgK5R5xcbIM5ZYAtvGF6JkyaDsj0agx8urXnO31tEO6Ug83iVH3tdedLnw==
  dependencies:
    micromark-util-character "^1.0.0"
    micromark-util-symbol "^1.0.0"
    micromark-util-types "^1.0.0"

micromark-factory-destination@^2.0.0:
  version "2.0.0"
  resolved "https://registry.yarnpkg.com/micromark-factory-destination/-/micromark-factory-destination-2.0.0.tgz#857c94debd2c873cba34e0445ab26b74f6a6ec07"
  integrity sha512-j9DGrQLm/Uhl2tCzcbLhy5kXsgkHUrjJHg4fFAeoMRwJmJerT9aw4FEhIbZStWN8A3qMwOp1uzHr4UL8AInxtA==
  dependencies:
    micromark-util-character "^2.0.0"
    micromark-util-symbol "^2.0.0"
    micromark-util-types "^2.0.0"

micromark-factory-label@^1.0.0:
  version "1.0.2"
  resolved "https://registry.yarnpkg.com/micromark-factory-label/-/micromark-factory-label-1.0.2.tgz#6be2551fa8d13542fcbbac478258fb7a20047137"
  integrity sha512-CTIwxlOnU7dEshXDQ+dsr2n+yxpP0+fn271pu0bwDIS8uqfFcumXpj5mLn3hSC8iw2MUr6Gx8EcKng1dD7i6hg==
  dependencies:
    micromark-util-character "^1.0.0"
    micromark-util-symbol "^1.0.0"
    micromark-util-types "^1.0.0"
    uvu "^0.5.0"

micromark-factory-label@^2.0.0:
  version "2.0.0"
  resolved "https://registry.yarnpkg.com/micromark-factory-label/-/micromark-factory-label-2.0.0.tgz#17c5c2e66ce39ad6f4fc4cbf40d972f9096f726a"
  integrity sha512-RR3i96ohZGde//4WSe/dJsxOX6vxIg9TimLAS3i4EhBAFx8Sm5SmqVfR8E87DPSR31nEAjZfbt91OMZWcNgdZw==
  dependencies:
    devlop "^1.0.0"
    micromark-util-character "^2.0.0"
    micromark-util-symbol "^2.0.0"
    micromark-util-types "^2.0.0"

micromark-factory-space@^1.0.0:
  version "1.0.0"
  resolved "https://registry.yarnpkg.com/micromark-factory-space/-/micromark-factory-space-1.0.0.tgz#cebff49968f2b9616c0fcb239e96685cb9497633"
  integrity sha512-qUmqs4kj9a5yBnk3JMLyjtWYN6Mzfcx8uJfi5XAveBniDevmZasdGBba5b4QsvRcAkmvGo5ACmSUmyGiKTLZew==
  dependencies:
    micromark-util-character "^1.0.0"
    micromark-util-types "^1.0.0"

micromark-factory-space@^2.0.0:
  version "2.0.0"
  resolved "https://registry.yarnpkg.com/micromark-factory-space/-/micromark-factory-space-2.0.0.tgz#5e7afd5929c23b96566d0e1ae018ae4fcf81d030"
  integrity sha512-TKr+LIDX2pkBJXFLzpyPyljzYK3MtmllMUMODTQJIUfDGncESaqB90db9IAUcz4AZAJFdd8U9zOp9ty1458rxg==
  dependencies:
    micromark-util-character "^2.0.0"
    micromark-util-types "^2.0.0"

micromark-factory-title@^1.0.0:
  version "1.0.2"
  resolved "https://registry.yarnpkg.com/micromark-factory-title/-/micromark-factory-title-1.0.2.tgz#7e09287c3748ff1693930f176e1c4a328382494f"
  integrity sha512-zily+Nr4yFqgMGRKLpTVsNl5L4PMu485fGFDOQJQBl2NFpjGte1e86zC0da93wf97jrc4+2G2GQudFMHn3IX+A==
  dependencies:
    micromark-factory-space "^1.0.0"
    micromark-util-character "^1.0.0"
    micromark-util-symbol "^1.0.0"
    micromark-util-types "^1.0.0"
    uvu "^0.5.0"

micromark-factory-title@^2.0.0:
  version "2.0.0"
  resolved "https://registry.yarnpkg.com/micromark-factory-title/-/micromark-factory-title-2.0.0.tgz#726140fc77892af524705d689e1cf06c8a83ea95"
  integrity sha512-jY8CSxmpWLOxS+t8W+FG3Xigc0RDQA9bKMY/EwILvsesiRniiVMejYTE4wumNc2f4UbAa4WsHqe3J1QS1sli+A==
  dependencies:
    micromark-factory-space "^2.0.0"
    micromark-util-character "^2.0.0"
    micromark-util-symbol "^2.0.0"
    micromark-util-types "^2.0.0"

micromark-factory-whitespace@^1.0.0:
  version "1.0.0"
  resolved "https://registry.yarnpkg.com/micromark-factory-whitespace/-/micromark-factory-whitespace-1.0.0.tgz#e991e043ad376c1ba52f4e49858ce0794678621c"
  integrity sha512-Qx7uEyahU1lt1RnsECBiuEbfr9INjQTGa6Err+gF3g0Tx4YEviPbqqGKNv/NrBaE7dVHdn1bVZKM/n5I/Bak7A==
  dependencies:
    micromark-factory-space "^1.0.0"
    micromark-util-character "^1.0.0"
    micromark-util-symbol "^1.0.0"
    micromark-util-types "^1.0.0"

micromark-factory-whitespace@^2.0.0:
  version "2.0.0"
  resolved "https://registry.yarnpkg.com/micromark-factory-whitespace/-/micromark-factory-whitespace-2.0.0.tgz#9e92eb0f5468083381f923d9653632b3cfb5f763"
  integrity sha512-28kbwaBjc5yAI1XadbdPYHX/eDnqaUFVikLwrO7FDnKG7lpgxnvk/XGRhX/PN0mOZ+dBSZ+LgunHS+6tYQAzhA==
  dependencies:
    micromark-factory-space "^2.0.0"
    micromark-util-character "^2.0.0"
    micromark-util-symbol "^2.0.0"
    micromark-util-types "^2.0.0"

micromark-util-character@^1.0.0:
  version "1.1.0"
  resolved "https://registry.yarnpkg.com/micromark-util-character/-/micromark-util-character-1.1.0.tgz#d97c54d5742a0d9611a68ca0cd4124331f264d86"
  integrity sha512-agJ5B3unGNJ9rJvADMJ5ZiYjBRyDpzKAOk01Kpi1TKhlT1APx3XZk6eN7RtSz1erbWHC2L8T3xLZ81wdtGRZzg==
  dependencies:
    micromark-util-symbol "^1.0.0"
    micromark-util-types "^1.0.0"

micromark-util-character@^2.0.0:
  version "2.0.1"
  resolved "https://registry.yarnpkg.com/micromark-util-character/-/micromark-util-character-2.0.1.tgz#52b824c2e2633b6fb33399d2ec78ee2a90d6b298"
  integrity sha512-3wgnrmEAJ4T+mGXAUfMvMAbxU9RDG43XmGce4j6CwPtVxB3vfwXSZ6KhFwDzZ3mZHhmPimMAXg71veiBGzeAZw==
  dependencies:
    micromark-util-symbol "^2.0.0"
    micromark-util-types "^2.0.0"

micromark-util-chunked@^1.0.0:
  version "1.0.0"
  resolved "https://registry.yarnpkg.com/micromark-util-chunked/-/micromark-util-chunked-1.0.0.tgz#5b40d83f3d53b84c4c6bce30ed4257e9a4c79d06"
  integrity sha512-5e8xTis5tEZKgesfbQMKRCyzvffRRUX+lK/y+DvsMFdabAicPkkZV6gO+FEWi9RfuKKoxxPwNL+dFF0SMImc1g==
  dependencies:
    micromark-util-symbol "^1.0.0"

micromark-util-chunked@^2.0.0:
  version "2.0.0"
  resolved "https://registry.yarnpkg.com/micromark-util-chunked/-/micromark-util-chunked-2.0.0.tgz#e51f4db85fb203a79dbfef23fd41b2f03dc2ef89"
  integrity sha512-anK8SWmNphkXdaKgz5hJvGa7l00qmcaUQoMYsBwDlSKFKjc6gjGXPDw3FNL3Nbwq5L8gE+RCbGqTw49FK5Qyvg==
  dependencies:
    micromark-util-symbol "^2.0.0"

micromark-util-classify-character@^1.0.0:
  version "1.0.0"
  resolved "https://registry.yarnpkg.com/micromark-util-classify-character/-/micromark-util-classify-character-1.0.0.tgz#cbd7b447cb79ee6997dd274a46fc4eb806460a20"
  integrity sha512-F8oW2KKrQRb3vS5ud5HIqBVkCqQi224Nm55o5wYLzY/9PwHGXC01tr3d7+TqHHz6zrKQ72Okwtvm/xQm6OVNZA==
  dependencies:
    micromark-util-character "^1.0.0"
    micromark-util-symbol "^1.0.0"
    micromark-util-types "^1.0.0"

micromark-util-classify-character@^2.0.0:
  version "2.0.0"
  resolved "https://registry.yarnpkg.com/micromark-util-classify-character/-/micromark-util-classify-character-2.0.0.tgz#8c7537c20d0750b12df31f86e976d1d951165f34"
  integrity sha512-S0ze2R9GH+fu41FA7pbSqNWObo/kzwf8rN/+IGlW/4tC6oACOs8B++bh+i9bVyNnwCcuksbFwsBme5OCKXCwIw==
  dependencies:
    micromark-util-character "^2.0.0"
    micromark-util-symbol "^2.0.0"
    micromark-util-types "^2.0.0"

micromark-util-combine-extensions@^1.0.0:
  version "1.0.0"
  resolved "https://registry.yarnpkg.com/micromark-util-combine-extensions/-/micromark-util-combine-extensions-1.0.0.tgz#91418e1e74fb893e3628b8d496085639124ff3d5"
  integrity sha512-J8H058vFBdo/6+AsjHp2NF7AJ02SZtWaVUjsayNFeAiydTxUwViQPxN0Hf8dp4FmCQi0UUFovFsEyRSUmFH3MA==
  dependencies:
    micromark-util-chunked "^1.0.0"
    micromark-util-types "^1.0.0"

micromark-util-combine-extensions@^2.0.0:
  version "2.0.0"
  resolved "https://registry.yarnpkg.com/micromark-util-combine-extensions/-/micromark-util-combine-extensions-2.0.0.tgz#75d6ab65c58b7403616db8d6b31315013bfb7ee5"
  integrity sha512-vZZio48k7ON0fVS3CUgFatWHoKbbLTK/rT7pzpJ4Bjp5JjkZeasRfrS9wsBdDJK2cJLHMckXZdzPSSr1B8a4oQ==
  dependencies:
    micromark-util-chunked "^2.0.0"
    micromark-util-types "^2.0.0"

micromark-util-decode-numeric-character-reference@^1.0.0:
  version "1.0.0"
  resolved "https://registry.yarnpkg.com/micromark-util-decode-numeric-character-reference/-/micromark-util-decode-numeric-character-reference-1.0.0.tgz#dcc85f13b5bd93ff8d2868c3dba28039d490b946"
  integrity sha512-OzO9AI5VUtrTD7KSdagf4MWgHMtET17Ua1fIpXTpuhclCqD8egFWo85GxSGvxgkGS74bEahvtM0WP0HjvV0e4w==
  dependencies:
    micromark-util-symbol "^1.0.0"

micromark-util-decode-numeric-character-reference@^2.0.0:
  version "2.0.0"
  resolved "https://registry.yarnpkg.com/micromark-util-decode-numeric-character-reference/-/micromark-util-decode-numeric-character-reference-2.0.0.tgz#a798808d02cc74113e2c939fc95363096ade7f1d"
  integrity sha512-pIgcsGxpHEtTG/rPJRz/HOLSqp5VTuIIjXlPI+6JSDlK2oljApusG6KzpS8AF0ENUMCHlC/IBb5B9xdFiVlm5Q==
  dependencies:
    micromark-util-symbol "^2.0.0"

micromark-util-decode-string@^1.0.0:
  version "1.0.2"
  resolved "https://registry.yarnpkg.com/micromark-util-decode-string/-/micromark-util-decode-string-1.0.2.tgz#942252ab7a76dec2dbf089cc32505ee2bc3acf02"
  integrity sha512-DLT5Ho02qr6QWVNYbRZ3RYOSSWWFuH3tJexd3dgN1odEuPNxCngTCXJum7+ViRAd9BbdxCvMToPOD/IvVhzG6Q==
  dependencies:
    decode-named-character-reference "^1.0.0"
    micromark-util-character "^1.0.0"
    micromark-util-decode-numeric-character-reference "^1.0.0"
    micromark-util-symbol "^1.0.0"

micromark-util-decode-string@^2.0.0:
  version "2.0.0"
  resolved "https://registry.yarnpkg.com/micromark-util-decode-string/-/micromark-util-decode-string-2.0.0.tgz#7dfa3a63c45aecaa17824e656bcdb01f9737154a"
  integrity sha512-r4Sc6leeUTn3P6gk20aFMj2ntPwn6qpDZqWvYmAG6NgvFTIlj4WtrAudLi65qYoaGdXYViXYw2pkmn7QnIFasA==
  dependencies:
    decode-named-character-reference "^1.0.0"
    micromark-util-character "^2.0.0"
    micromark-util-decode-numeric-character-reference "^2.0.0"
    micromark-util-symbol "^2.0.0"

micromark-util-encode@^1.0.0:
  version "1.0.1"
  resolved "https://registry.yarnpkg.com/micromark-util-encode/-/micromark-util-encode-1.0.1.tgz#2c1c22d3800870ad770ece5686ebca5920353383"
  integrity sha512-U2s5YdnAYexjKDel31SVMPbfi+eF8y1U4pfiRW/Y8EFVCy/vgxk/2wWTxzcqE71LHtCuCzlBDRU2a5CQ5j+mQA==

micromark-util-encode@^2.0.0:
  version "2.0.0"
  resolved "https://registry.yarnpkg.com/micromark-util-encode/-/micromark-util-encode-2.0.0.tgz#0921ac7953dc3f1fd281e3d1932decfdb9382ab1"
  integrity sha512-pS+ROfCXAGLWCOc8egcBvT0kf27GoWMqtdarNfDcjb6YLuV5cM3ioG45Ys2qOVqeqSbjaKg72vU+Wby3eddPsA==

micromark-util-html-tag-name@^1.0.0:
  version "1.1.0"
  resolved "https://registry.yarnpkg.com/micromark-util-html-tag-name/-/micromark-util-html-tag-name-1.1.0.tgz#eb227118befd51f48858e879b7a419fc0df20497"
  integrity sha512-BKlClMmYROy9UiV03SwNmckkjn8QHVaWkqoAqzivabvdGcwNGMMMH/5szAnywmsTBUzDsU57/mFi0sp4BQO6dA==

micromark-util-html-tag-name@^2.0.0:
  version "2.0.0"
  resolved "https://registry.yarnpkg.com/micromark-util-html-tag-name/-/micromark-util-html-tag-name-2.0.0.tgz#ae34b01cbe063363847670284c6255bb12138ec4"
  integrity sha512-xNn4Pqkj2puRhKdKTm8t1YHC/BAjx6CEwRFXntTaRf/x16aqka6ouVoutm+QdkISTlT7e2zU7U4ZdlDLJd2Mcw==

micromark-util-normalize-identifier@^1.0.0:
  version "1.0.0"
  resolved "https://registry.yarnpkg.com/micromark-util-normalize-identifier/-/micromark-util-normalize-identifier-1.0.0.tgz#4a3539cb8db954bbec5203952bfe8cedadae7828"
  integrity sha512-yg+zrL14bBTFrQ7n35CmByWUTFsgst5JhA4gJYoty4Dqzj4Z4Fr/DHekSS5aLfH9bdlfnSvKAWsAgJhIbogyBg==
  dependencies:
    micromark-util-symbol "^1.0.0"

micromark-util-normalize-identifier@^2.0.0:
  version "2.0.0"
  resolved "https://registry.yarnpkg.com/micromark-util-normalize-identifier/-/micromark-util-normalize-identifier-2.0.0.tgz#91f9a4e65fe66cc80c53b35b0254ad67aa431d8b"
  integrity sha512-2xhYT0sfo85FMrUPtHcPo2rrp1lwbDEEzpx7jiH2xXJLqBuy4H0GgXk5ToU8IEwoROtXuL8ND0ttVa4rNqYK3w==
  dependencies:
    micromark-util-symbol "^2.0.0"

micromark-util-resolve-all@^1.0.0:
  version "1.0.0"
  resolved "https://registry.yarnpkg.com/micromark-util-resolve-all/-/micromark-util-resolve-all-1.0.0.tgz#a7c363f49a0162e931960c44f3127ab58f031d88"
  integrity sha512-CB/AGk98u50k42kvgaMM94wzBqozSzDDaonKU7P7jwQIuH2RU0TeBqGYJz2WY1UdihhjweivStrJ2JdkdEmcfw==
  dependencies:
    micromark-util-types "^1.0.0"

micromark-util-resolve-all@^2.0.0:
  version "2.0.0"
  resolved "https://registry.yarnpkg.com/micromark-util-resolve-all/-/micromark-util-resolve-all-2.0.0.tgz#189656e7e1a53d0c86a38a652b284a252389f364"
  integrity sha512-6KU6qO7DZ7GJkaCgwBNtplXCvGkJToU86ybBAUdavvgsCiG8lSSvYxr9MhwmQ+udpzywHsl4RpGJsYWG1pDOcA==
  dependencies:
    micromark-util-types "^2.0.0"

micromark-util-sanitize-uri@^1.0.0:
  version "1.1.0"
  resolved "https://registry.yarnpkg.com/micromark-util-sanitize-uri/-/micromark-util-sanitize-uri-1.1.0.tgz#f12e07a85106b902645e0364feb07cf253a85aee"
  integrity sha512-RoxtuSCX6sUNtxhbmsEFQfWzs8VN7cTctmBPvYivo98xb/kDEoTCtJQX5wyzIYEmk/lvNFTat4hL8oW0KndFpg==
  dependencies:
    micromark-util-character "^1.0.0"
    micromark-util-encode "^1.0.0"
    micromark-util-symbol "^1.0.0"

micromark-util-sanitize-uri@^2.0.0:
  version "2.0.0"
  resolved "https://registry.yarnpkg.com/micromark-util-sanitize-uri/-/micromark-util-sanitize-uri-2.0.0.tgz#ec8fbf0258e9e6d8f13d9e4770f9be64342673de"
  integrity sha512-WhYv5UEcZrbAtlsnPuChHUAsu/iBPOVaEVsntLBIdpibO0ddy8OzavZz3iL2xVvBZOpolujSliP65Kq0/7KIYw==
  dependencies:
    micromark-util-character "^2.0.0"
    micromark-util-encode "^2.0.0"
    micromark-util-symbol "^2.0.0"

micromark-util-subtokenize@^1.0.0:
  version "1.0.2"
  resolved "https://registry.yarnpkg.com/micromark-util-subtokenize/-/micromark-util-subtokenize-1.0.2.tgz#ff6f1af6ac836f8bfdbf9b02f40431760ad89105"
  integrity sha512-d90uqCnXp/cy4G881Ub4psE57Sf8YD0pim9QdjCRNjfas2M1u6Lbt+XZK9gnHL2XFhnozZiEdCa9CNfXSfQ6xA==
  dependencies:
    micromark-util-chunked "^1.0.0"
    micromark-util-symbol "^1.0.0"
    micromark-util-types "^1.0.0"
    uvu "^0.5.0"

micromark-util-subtokenize@^2.0.0:
  version "2.0.0"
  resolved "https://registry.yarnpkg.com/micromark-util-subtokenize/-/micromark-util-subtokenize-2.0.0.tgz#9f412442d77e0c5789ffdf42377fa8a2bcbdf581"
  integrity sha512-vc93L1t+gpR3p8jxeVdaYlbV2jTYteDje19rNSS/H5dlhxUYll5Fy6vJ2cDwP8RnsXi818yGty1ayP55y3W6fg==
  dependencies:
    devlop "^1.0.0"
    micromark-util-chunked "^2.0.0"
    micromark-util-symbol "^2.0.0"
    micromark-util-types "^2.0.0"

micromark-util-symbol@^1.0.0:
  version "1.0.1"
  resolved "https://registry.yarnpkg.com/micromark-util-symbol/-/micromark-util-symbol-1.0.1.tgz#b90344db62042ce454f351cf0bebcc0a6da4920e"
  integrity sha512-oKDEMK2u5qqAptasDAwWDXq0tG9AssVwAx3E9bBF3t/shRIGsWIRG+cGafs2p/SnDSOecnt6hZPCE2o6lHfFmQ==

micromark-util-symbol@^2.0.0:
  version "2.0.0"
  resolved "https://registry.yarnpkg.com/micromark-util-symbol/-/micromark-util-symbol-2.0.0.tgz#12225c8f95edf8b17254e47080ce0862d5db8044"
  integrity sha512-8JZt9ElZ5kyTnO94muPxIGS8oyElRJaiJO8EzV6ZSyGQ1Is8xwl4Q45qU5UOg+bGH4AikWziz0iN4sFLWs8PGw==

micromark-util-types@^1.0.0, micromark-util-types@^1.0.1:
  version "1.0.2"
  resolved "https://registry.yarnpkg.com/micromark-util-types/-/micromark-util-types-1.0.2.tgz#f4220fdb319205812f99c40f8c87a9be83eded20"
  integrity sha512-DCfg/T8fcrhrRKTPjRrw/5LLvdGV7BHySf/1LOZx7TzWZdYRjogNtyNq885z3nNallwr3QUKARjqvHqX1/7t+w==

micromark-util-types@^2.0.0:
  version "2.0.0"
  resolved "https://registry.yarnpkg.com/micromark-util-types/-/micromark-util-types-2.0.0.tgz#63b4b7ffeb35d3ecf50d1ca20e68fc7caa36d95e"
  integrity sha512-oNh6S2WMHWRZrmutsRmDDfkzKtxF+bc2VxLC9dvtrDIRFln627VsFP6fLMgTryGDljgLPjkrzQSDcPrjPyDJ5w==

micromark@^3.0.0:
  version "3.1.0"
  resolved "https://registry.yarnpkg.com/micromark/-/micromark-3.1.0.tgz#eeba0fe0ac1c9aaef675157b52c166f125e89f62"
  integrity sha512-6Mj0yHLdUZjHnOPgr5xfWIMqMWS12zDN6iws9SLuSz76W8jTtAv24MN4/CL7gJrl5vtxGInkkqDv/JIoRsQOvA==
  dependencies:
    "@types/debug" "^4.0.0"
    debug "^4.0.0"
    decode-named-character-reference "^1.0.0"
    micromark-core-commonmark "^1.0.1"
    micromark-factory-space "^1.0.0"
    micromark-util-character "^1.0.0"
    micromark-util-chunked "^1.0.0"
    micromark-util-combine-extensions "^1.0.0"
    micromark-util-decode-numeric-character-reference "^1.0.0"
    micromark-util-encode "^1.0.0"
    micromark-util-normalize-identifier "^1.0.0"
    micromark-util-resolve-all "^1.0.0"
    micromark-util-sanitize-uri "^1.0.0"
    micromark-util-subtokenize "^1.0.0"
    micromark-util-symbol "^1.0.0"
    micromark-util-types "^1.0.1"
    uvu "^0.5.0"

micromark@^4.0.0:
  version "4.0.0"
  resolved "https://registry.yarnpkg.com/micromark/-/micromark-4.0.0.tgz#84746a249ebd904d9658cfabc1e8e5f32cbc6249"
  integrity sha512-o/sd0nMof8kYff+TqcDx3VSrgBTcZpSvYcAHIfHhv5VAuNmisCxjhx6YmxS8PFEpb9z5WKWKPdzf0jM23ro3RQ==
  dependencies:
    "@types/debug" "^4.0.0"
    debug "^4.0.0"
    decode-named-character-reference "^1.0.0"
    devlop "^1.0.0"
    micromark-core-commonmark "^2.0.0"
    micromark-factory-space "^2.0.0"
    micromark-util-character "^2.0.0"
    micromark-util-chunked "^2.0.0"
    micromark-util-combine-extensions "^2.0.0"
    micromark-util-decode-numeric-character-reference "^2.0.0"
    micromark-util-encode "^2.0.0"
    micromark-util-normalize-identifier "^2.0.0"
    micromark-util-resolve-all "^2.0.0"
    micromark-util-sanitize-uri "^2.0.0"
    micromark-util-subtokenize "^2.0.0"
    micromark-util-symbol "^2.0.0"
    micromark-util-types "^2.0.0"

mri@^1.1.0:
  version "1.2.0"
  resolved "https://registry.yarnpkg.com/mri/-/mri-1.2.0.tgz#6721480fec2a11a4889861115a48b6cbe7cc8f0b"
  integrity sha512-tzzskb3bG8LvYGFF/mDTpq3jpI6Q9wc3LEmBaghu+DdCssd1FakN7Bc0hVNmEyGq1bq3RgfkCb3cmQLpNPOroA==

ms@2.1.2:
  version "2.1.2"
  resolved "https://registry.yarnpkg.com/ms/-/ms-2.1.2.tgz#d09d1f357b443f493382a8eb3ccd183872ae6009"
  integrity sha512-sGkPx+VjMtmA6MX27oA4FBFELFCZZ4S4XqeGOXCv68tT+jb3vk/RyaKWP0PTKyWtmLSM0b+adUTEvbs1PEaH2w==

p-limit@^2.2.0:
  version "2.3.0"
  resolved "https://registry.yarnpkg.com/p-limit/-/p-limit-2.3.0.tgz#3dd33c647a214fdfffd835933eb086da0dc21db1"
  integrity sha512-//88mFWSJx8lxCzwdAABTJL2MyWB12+eIY7MDL2SqLmAkeKU9qxRvWuSyTjm3FUmpBEMuFfckAIqEaVGUDxb6w==
  dependencies:
    p-try "^2.0.0"

p-locate@^4.1.0:
  version "4.1.0"
  resolved "https://registry.yarnpkg.com/p-locate/-/p-locate-4.1.0.tgz#a3428bb7088b3a60292f66919278b7c297ad4f07"
  integrity sha512-R79ZZ/0wAxKGu3oYMlz8jy/kbhsNrS7SKZ7PxEHBgJ5+F2mtFW2fK2cOtBh1cHYkQsbzFV7I+EoRKe6Yt0oK7A==
  dependencies:
    p-limit "^2.2.0"

p-try@^2.0.0:
  version "2.2.0"
  resolved "https://registry.yarnpkg.com/p-try/-/p-try-2.2.0.tgz#cb2868540e313d61de58fafbe35ce9004d5540e6"
  integrity sha512-R4nPAVTAU0B9D35/Gk3uJf/7XYbQcyohSKdvAxIRSNghFl4e71hVoGnBNQz9cWaXxO2I10KTC+3jMdvvoKw6dQ==

parse-entities@^4.0.0:
  version "4.0.0"
  resolved "https://registry.yarnpkg.com/parse-entities/-/parse-entities-4.0.0.tgz#f67c856d4e3fe19b1a445c3fabe78dcdc1053eeb"
  integrity sha512-5nk9Fn03x3rEhGaX1FU6IDwG/k+GxLXlFAkgrbM1asuAFl3BhdQWvASaIsmwWypRNcZKHPYnIuOSfIWEyEQnPQ==
  dependencies:
    "@types/unist" "^2.0.0"
    character-entities "^2.0.0"
    character-entities-legacy "^3.0.0"
    character-reference-invalid "^2.0.0"
    decode-named-character-reference "^1.0.0"
    is-alphanumerical "^2.0.0"
    is-decimal "^2.0.0"
    is-hexadecimal "^2.0.0"

path-exists@^4.0.0:
  version "4.0.0"
  resolved "https://registry.yarnpkg.com/path-exists/-/path-exists-4.0.0.tgz#513bdbe2d3b95d7762e8c1137efa195c6c61b5b3"
  integrity sha512-ak9Qy5Q7jYb2Wwcey5Fpvg2KoAc/ZIhLSLOSBmRmygPsGwkVVt0fZa0qrtMz+m6tJTAHfZQ8FnmB4MG4LWy7/w==

pngjs@^5.0.0:
  version "5.0.0"
  resolved "https://registry.yarnpkg.com/pngjs/-/pngjs-5.0.0.tgz#e79dd2b215767fd9c04561c01236df960bce7fbb"
  integrity sha512-40QW5YalBNfQo5yRYmiw7Yz6TKKVr3h6970B2YE+3fQpsWcrbj1PzJgxeJ19DRQjhMbKPIuMY8rFaXc8moolVw==

qrcode@^1.5.1:
  version "1.5.3"
  resolved "https://registry.yarnpkg.com/qrcode/-/qrcode-1.5.3.tgz#03afa80912c0dccf12bc93f615a535aad1066170"
  integrity sha512-puyri6ApkEHYiVl4CFzo1tDkAZ+ATcnbJrJ6RiBM1Fhctdn/ix9MTE3hRph33omisEbC/2fcfemsseiKgBPKZg==
  dependencies:
    dijkstrajs "^1.0.1"
    encode-utf8 "^1.0.3"
    pngjs "^5.0.0"
    yargs "^15.3.1"

remark-directive@^2.0.1:
  version "2.0.1"
  resolved "https://registry.yarnpkg.com/remark-directive/-/remark-directive-2.0.1.tgz#1c32d9df8d839a75ba3478112d21fe883635b48e"
  integrity sha512-oosbsUAkU/qmUE78anLaJePnPis4ihsE7Agp0T/oqTzvTea8pOiaYEtfInU/+xMOVTS9PN5AhGOiaIVe4GD8gw==
  dependencies:
    "@types/mdast" "^3.0.0"
    mdast-util-directive "^2.0.0"
    micromark-extension-directive "^2.0.0"
    unified "^10.0.0"

remark-parse@^11.0.0:
  version "11.0.0"
  resolved "https://registry.yarnpkg.com/remark-parse/-/remark-parse-11.0.0.tgz#aa60743fcb37ebf6b069204eb4da304e40db45a1"
  integrity sha512-FCxlKLNGknS5ba/1lmpYijMUzX2esxW5xQqjWxw2eHFfS2MSdaHVINFmhjo+qN1WhZhNimq0dZATN9pH0IDrpA==
  dependencies:
    "@types/mdast" "^4.0.0"
    mdast-util-from-markdown "^2.0.0"
    micromark-util-types "^2.0.0"
    unified "^11.0.0"

remark-stringify@^11.0.0:
  version "11.0.0"
  resolved "https://registry.yarnpkg.com/remark-stringify/-/remark-stringify-11.0.0.tgz#4c5b01dd711c269df1aaae11743eb7e2e7636fd3"
  integrity sha512-1OSmLd3awB/t8qdoEOMazZkNsfVTeY4fTsgzcQFdXNq8ToTN4ZGwrMnlda4K6smTFKD+GRV6O48i6Z4iKgPPpw==
  dependencies:
    "@types/mdast" "^4.0.0"
    mdast-util-to-markdown "^2.0.0"
    unified "^11.0.0"

remark@^15.0.1:
  version "15.0.1"
  resolved "https://registry.yarnpkg.com/remark/-/remark-15.0.1.tgz#ac7e7563260513b66426bc47f850e7aa5862c37c"
  integrity sha512-Eht5w30ruCXgFmxVUSlNWQ9iiimq07URKeFS3hNc8cUWy1llX4KDWfyEDZRycMc+znsN9Ux5/tJ/BFdgdOwA3A==
  dependencies:
    "@types/mdast" "^4.0.0"
    remark-parse "^11.0.0"
    remark-stringify "^11.0.0"
    unified "^11.0.0"

require-directory@^2.1.1:
  version "2.1.1"
  resolved "https://registry.yarnpkg.com/require-directory/-/require-directory-2.1.1.tgz#8c64ad5fd30dab1c976e2344ffe7f792a6a6df42"
  integrity sha512-fGxEI7+wsG9xrvdjsrlmL22OMTTiHRwAMroiEeMgq8gzoLC/PQr7RsRDSTLUg/bZAZtF+TVIkHc6/4RIKrui+Q==

require-main-filename@^2.0.0:
  version "2.0.0"
  resolved "https://registry.yarnpkg.com/require-main-filename/-/require-main-filename-2.0.0.tgz#d0b329ecc7cc0f61649f62215be69af54aa8989b"
  integrity sha512-NKN5kMDylKuldxYLSUfrbo5Tuzh4hd+2E8NPPX02mZtn1VuREQToYe/ZdlJy+J3uCpfaiGF05e7B8W0iXbQHmg==

sade@^1.7.3:
  version "1.8.1"
  resolved "https://registry.yarnpkg.com/sade/-/sade-1.8.1.tgz#0a78e81d658d394887be57d2a409bf703a3b2701"
  integrity sha512-xal3CZX1Xlo/k4ApwCFrHVACi9fBqJ7V+mwhBsuf/1IOKbBy098Fex+Wa/5QMubw09pSZ/u8EY8PWgevJsXp1A==
  dependencies:
    mri "^1.1.0"

set-blocking@^2.0.0:
  version "2.0.0"
  resolved "https://registry.yarnpkg.com/set-blocking/-/set-blocking-2.0.0.tgz#045f9782d011ae9a6803ddd382b24392b3d890f7"
  integrity sha512-KiKBS8AnWGEyLzofFfmvKwpdPzqiy16LvQfK3yv/fVH7Bj13/wl3JSR1J+rfgRE9q7xUJK4qvgS8raSOeLUehw==

string-width@^4.1.0, string-width@^4.2.0:
  version "4.2.3"
  resolved "https://registry.yarnpkg.com/string-width/-/string-width-4.2.3.tgz#269c7117d27b05ad2e536830a8ec895ef9c6d010"
  integrity sha512-wKyQRQpjJ0sIp62ErSZdGsjMJWsap5oRNihHhu6G7JVO/9jIB6UyevL+tXuOqrng8j/cxKTWyWUwvSTriiZz/g==
  dependencies:
    emoji-regex "^8.0.0"
    is-fullwidth-code-point "^3.0.0"
    strip-ansi "^6.0.1"

stringify-entities@^4.0.0:
  version "4.0.3"
  resolved "https://registry.yarnpkg.com/stringify-entities/-/stringify-entities-4.0.3.tgz#cfabd7039d22ad30f3cc435b0ca2c1574fc88ef8"
  integrity sha512-BP9nNHMhhfcMbiuQKCqMjhDP5yBCAxsPu4pHFFzJ6Alo9dZgY4VLDPutXqIjpRiMoKdp7Av85Gr73Q5uH9k7+g==
  dependencies:
    character-entities-html4 "^2.0.0"
    character-entities-legacy "^3.0.0"

strip-ansi@^6.0.0, strip-ansi@^6.0.1:
  version "6.0.1"
  resolved "https://registry.yarnpkg.com/strip-ansi/-/strip-ansi-6.0.1.tgz#9e26c63d30f53443e9489495b2105d37b67a85d9"
  integrity sha512-Y38VPSHcqkFrCpFnQ9vuSXmquuv5oXOKpGeT6aGrr3o3Gc9AlVa6JBfUSOCnbxGGZF+/0ooI7KrPuUSztUdU5A==
  dependencies:
    ansi-regex "^5.0.1"

trough@^2.0.0:
  version "2.1.0"
  resolved "https://registry.yarnpkg.com/trough/-/trough-2.1.0.tgz#0f7b511a4fde65a46f18477ab38849b22c554876"
  integrity sha512-AqTiAOLcj85xS7vQ8QkAV41hPDIJ71XJB4RCUrzo/1GM2CQwhkJGaf9Hgr7BOugMRpgGUrqRg/DrBDl4H40+8g==

unified@^10.0.0, unified@^10.1.2:
  version "10.1.2"
  resolved "https://registry.yarnpkg.com/unified/-/unified-10.1.2.tgz#b1d64e55dafe1f0b98bb6c719881103ecf6c86df"
  integrity sha512-pUSWAi/RAnVy1Pif2kAoeWNBa3JVrx0MId2LASj8G+7AiHWoKZNTomq6LG326T68U7/e263X6fTdcXIy7XnF7Q==
  dependencies:
    "@types/unist" "^2.0.0"
    bail "^2.0.0"
    extend "^3.0.0"
    is-buffer "^2.0.0"
    is-plain-obj "^4.0.0"
    trough "^2.0.0"
    vfile "^5.0.0"

unified@^11.0.0:
  version "11.0.3"
  resolved "https://registry.yarnpkg.com/unified/-/unified-11.0.3.tgz#e141be0fe466a2d28b2160f62712bc9cbc08fdd4"
  integrity sha512-jlCV402P+YDcFcB2VcN/n8JasOddqIiaxv118wNBoZXEhOn+lYG7BR4Bfg2BwxvlK58dwbuH2w7GX2esAjL6Mg==
  dependencies:
    "@types/unist" "^3.0.0"
    bail "^2.0.0"
    devlop "^1.0.0"
    extend "^3.0.0"
    is-plain-obj "^4.0.0"
    trough "^2.0.0"
    vfile "^6.0.0"

unist-util-is@^5.0.0:
  version "5.2.0"
  resolved "https://registry.yarnpkg.com/unist-util-is/-/unist-util-is-5.2.0.tgz#37eed0617b76c114fd34d44c201aa96fd928b309"
  integrity sha512-Glt17jWwZeyqrFqOK0pF1Ded5U3yzJnFr8CG1GMjCWTp9zDo2p+cmD6pWbZU8AgM5WU3IzRv6+rBwhzsGh6hBQ==

unist-util-is@^6.0.0:
  version "6.0.0"
  resolved "https://registry.yarnpkg.com/unist-util-is/-/unist-util-is-6.0.0.tgz#b775956486aff107a9ded971d996c173374be424"
  integrity sha512-2qCTHimwdxLfz+YzdGfkqNlH0tLi9xjTnHddPmJwtIG9MGsdbutfTc4P+haPD7l7Cjxf/WZj+we5qfVPvvxfYw==
  dependencies:
    "@types/unist" "^3.0.0"

unist-util-stringify-position@^3.0.0:
  version "3.0.3"
  resolved "https://registry.yarnpkg.com/unist-util-stringify-position/-/unist-util-stringify-position-3.0.3.tgz#03ad3348210c2d930772d64b489580c13a7db39d"
  integrity sha512-k5GzIBZ/QatR8N5X2y+drfpWG8IDBzdnVj6OInRNWm1oXrzydiaAT2OQiA8DPRRZyAKb9b6I2a6PxYklZD0gKg==
  dependencies:
    "@types/unist" "^2.0.0"

unist-util-stringify-position@^4.0.0:
  version "4.0.0"
  resolved "https://registry.yarnpkg.com/unist-util-stringify-position/-/unist-util-stringify-position-4.0.0.tgz#449c6e21a880e0855bf5aabadeb3a740314abac2"
  integrity sha512-0ASV06AAoKCDkS2+xw5RXJywruurpbC4JZSm7nr7MOt1ojAzvyyaO+UxZf18j8FCF6kmzCZKcAgN/yu2gm2XgQ==
  dependencies:
    "@types/unist" "^3.0.0"

unist-util-visit-parents@^5.1.1, unist-util-visit-parents@^5.1.3:
  version "5.1.3"
  resolved "https://registry.yarnpkg.com/unist-util-visit-parents/-/unist-util-visit-parents-5.1.3.tgz#b4520811b0ca34285633785045df7a8d6776cfeb"
  integrity sha512-x6+y8g7wWMyQhL1iZfhIPhDAs7Xwbn9nRosDXl7qoPTSCy0yNxnKc+hWokFifWQIDGi154rdUqKvbCa4+1kLhg==
  dependencies:
    "@types/unist" "^2.0.0"
    unist-util-is "^5.0.0"

unist-util-visit-parents@^6.0.0:
  version "6.0.1"
  resolved "https://registry.yarnpkg.com/unist-util-visit-parents/-/unist-util-visit-parents-6.0.1.tgz#4d5f85755c3b8f0dc69e21eca5d6d82d22162815"
  integrity sha512-L/PqWzfTP9lzzEa6CKs0k2nARxTdZduw3zyh8d2NVBnsyvHjSX4TWse388YrrQKbvI8w20fGjGlhgT96WwKykw==
  dependencies:
    "@types/unist" "^3.0.0"
    unist-util-is "^6.0.0"

unist-util-visit@^4.0.0, unist-util-visit@^4.1.2:
  version "4.1.2"
  resolved "https://registry.yarnpkg.com/unist-util-visit/-/unist-util-visit-4.1.2.tgz#125a42d1eb876283715a3cb5cceaa531828c72e2"
  integrity sha512-MSd8OUGISqHdVvfY9TPhyK2VdUrPgxkUtWSuMHF6XAAFuL4LokseigBnZtPnJMu+FbynTkFNnFlyjxpVKujMRg==
  dependencies:
    "@types/unist" "^2.0.0"
    unist-util-is "^5.0.0"
    unist-util-visit-parents "^5.1.1"

unist-util-visit@^5.0.0:
  version "5.0.0"
  resolved "https://registry.yarnpkg.com/unist-util-visit/-/unist-util-visit-5.0.0.tgz#a7de1f31f72ffd3519ea71814cccf5fd6a9217d6"
  integrity sha512-MR04uvD+07cwl/yhVuVWAtw+3GOR/knlL55Nd/wAdblk27GCVt3lqpTivy/tkJcZoNPzTwS1Y+KMojlLDhoTzg==
  dependencies:
    "@types/unist" "^3.0.0"
    unist-util-is "^6.0.0"
    unist-util-visit-parents "^6.0.0"

uvu@^0.5.0:
  version "0.5.6"
  resolved "https://registry.yarnpkg.com/uvu/-/uvu-0.5.6.tgz#2754ca20bcb0bb59b64e9985e84d2e81058502df"
  integrity sha512-+g8ENReyr8YsOc6fv/NVJs2vFdHBnBNdfE49rshrTzDWOlUx4Gq7KOS2GD8eqhy2j+Ejq29+SbKH8yjkAqXqoA==
  dependencies:
    dequal "^2.0.0"
    diff "^5.0.0"
    kleur "^4.0.3"
    sade "^1.7.3"

vfile-message@^3.0.0:
  version "3.1.3"
  resolved "https://registry.yarnpkg.com/vfile-message/-/vfile-message-3.1.3.tgz#1360c27a99234bebf7bddbbbca67807115e6b0dd"
  integrity sha512-0yaU+rj2gKAyEk12ffdSbBfjnnj+b1zqTBv3OQCTn8yEB02bsPizwdBPrLJjHnK+cU9EMMcUnNv938XcZIkmdA==
  dependencies:
    "@types/unist" "^2.0.0"
    unist-util-stringify-position "^3.0.0"

vfile-message@^4.0.0:
  version "4.0.2"
  resolved "https://registry.yarnpkg.com/vfile-message/-/vfile-message-4.0.2.tgz#c883c9f677c72c166362fd635f21fc165a7d1181"
  integrity sha512-jRDZ1IMLttGj41KcZvlrYAaI3CfqpLpfpf+Mfig13viT6NKvRzWZ+lXz0Y5D60w6uJIBAOGq9mSHf0gktF0duw==
  dependencies:
    "@types/unist" "^3.0.0"
    unist-util-stringify-position "^4.0.0"

vfile@^5.0.0:
  version "5.3.6"
  resolved "https://registry.yarnpkg.com/vfile/-/vfile-5.3.6.tgz#61b2e70690cc835a5d0d0fd135beae74e5a39546"
  integrity sha512-ADBsmerdGBs2WYckrLBEmuETSPyTD4TuLxTrw0DvjirxW1ra4ZwkbzG8ndsv3Q57smvHxo677MHaQrY9yxH8cA==
  dependencies:
    "@types/unist" "^2.0.0"
    is-buffer "^2.0.0"
    unist-util-stringify-position "^3.0.0"
    vfile-message "^3.0.0"

vfile@^6.0.0:
  version "6.0.1"
  resolved "https://registry.yarnpkg.com/vfile/-/vfile-6.0.1.tgz#1e8327f41eac91947d4fe9d237a2dd9209762536"
  integrity sha512-1bYqc7pt6NIADBJ98UiG0Bn/CHIVOoZ/IyEkqIruLg0mE1BKzkOXY2D6CSqQIcKqgadppE5lrxgWXJmXd7zZJw==
  dependencies:
    "@types/unist" "^3.0.0"
    unist-util-stringify-position "^4.0.0"
    vfile-message "^4.0.0"

which-module@^2.0.0:
  version "2.0.0"
  resolved "https://registry.yarnpkg.com/which-module/-/which-module-2.0.0.tgz#d9ef07dce77b9902b8a3a8fa4b31c3e3f7e6e87a"
  integrity sha512-B+enWhmw6cjfVC7kS8Pj9pCrKSc5txArRyaYGe088shv/FGWH+0Rjx/xPgtsWfsUtS27FkP697E4DDhgrgoc0Q==

wrap-ansi@^6.2.0:
  version "6.2.0"
  resolved "https://registry.yarnpkg.com/wrap-ansi/-/wrap-ansi-6.2.0.tgz#e9393ba07102e6c91a3b221478f0257cd2856e53"
  integrity sha512-r6lPcBGxZXlIcymEu7InxDMhdW0KDxpLgoFLcguasxCaJ/SOIZwINatK9KY/tf+ZrlywOKU0UDj3ATXUBfxJXA==
  dependencies:
    ansi-styles "^4.0.0"
    string-width "^4.1.0"
    strip-ansi "^6.0.0"

y18n@^4.0.0:
  version "4.0.3"
  resolved "https://registry.yarnpkg.com/y18n/-/y18n-4.0.3.tgz#b5f259c82cd6e336921efd7bfd8bf560de9eeedf"
  integrity sha512-JKhqTOwSrqNA1NY5lSztJ1GrBiUodLMmIZuLiDaMRJ+itFd+ABVE8XBjOvIWL+rSqNDC74LCSFmlb/U4UZ4hJQ==

yargs-parser@^18.1.2:
  version "18.1.3"
  resolved "https://registry.yarnpkg.com/yargs-parser/-/yargs-parser-18.1.3.tgz#be68c4975c6b2abf469236b0c870362fab09a7b0"
  integrity sha512-o50j0JeToy/4K6OZcaQmW6lyXXKhq7csREXcDwk2omFPJEwUNOVtJKvmDr9EI1fAJZUyZcRF7kxGBWmRXudrCQ==
  dependencies:
    camelcase "^5.0.0"
    decamelize "^1.2.0"

yargs@^15.3.1:
  version "15.4.1"
  resolved "https://registry.yarnpkg.com/yargs/-/yargs-15.4.1.tgz#0d87a16de01aee9d8bec2bfbf74f67851730f4f8"
  integrity sha512-aePbxDmcYW++PaqBsJ+HYUFwCdv4LVvdnhBy78E57PIor8/OVvhMrADFFEDh8DHDFRv/O9i3lPhsENjO7QX0+A==
  dependencies:
    cliui "^6.0.0"
    decamelize "^1.2.0"
    find-up "^4.1.0"
    get-caller-file "^2.0.1"
    require-directory "^2.1.1"
    require-main-filename "^2.0.0"
    set-blocking "^2.0.0"
    string-width "^4.2.0"
    which-module "^2.0.0"
    y18n "^4.0.0"
    yargs-parser "^18.1.2"

zwitch@^2.0.0:
  version "2.0.4"
  resolved "https://registry.yarnpkg.com/zwitch/-/zwitch-2.0.4.tgz#c827d4b0acb76fc3e685a4c6ec2902d51070e9d7"
  integrity sha512-bXE4cR/kVZhKZX/RjPEflHaKVhUVl85noU3v6b8apfQEc1x4A+zBxjZ4lN8LqGd6WZ3dl98pY4o717VFmoPp+A==
